
Microsoft Visual Studio Solution File, Format Version 12.00
# Visual Studio 2012
Project("{FAE04EC0-301F-11D3-BF4B-00C04F79EFBC}") = "Excel__Module__Generator", "Excel__Module__Generator.csproj", "{1C538137-1602-46D6-ACD7-7DF57BBC47BD}"
EndProject
Global
	GlobalSection(SolutionConfigurationPlatforms) = preSolution
		Debug|Any CPU = Debug|Any CPU
		Release|Any CPU = Release|Any CPU
	EndGlobalSection
	GlobalSection(ProjectConfigurationPlatforms) = postSolution
		{1C538137-1602-46D6-ACD7-7DF57BBC47BD}.Debug|Any CPU.ActiveCfg = Debug|Any CPU
		{1C538137-1602-46D6-ACD7-7DF57BBC47BD}.Debug|Any CPU.Build.0 = Debug|Any CPU
		{1C538137-1602-46D6-ACD7-7DF57BBC47BD}.Release|Any CPU.ActiveCfg = Release|Any CPU
		{1C538137-1602-46D6-ACD7-7DF57BBC47BD}.Release|Any CPU.Build.0 = Release|Any CPU
	EndGlobalSection
	GlobalSection(MonoDevelopProperties) = preSolution
		StartupItem = Excel__Module__Generator.csproj
	EndGlobalSection
EndGlobal
